<?xml version="1.0" encoding="utf-8"?>
<Project ToolsVersion="4.0" xmlns="http://schemas.microsoft.com/developer/msbuild/2003">
  <ItemGroup>
    <Filter Include="Main">
      <UniqueIdentifier>{5a633a12-2254-4e8b-a608-6f86c12254f6}</UniqueIdentifier>
    </Filter>
    <Filter Include="Common">
      <UniqueIdentifier>{a0d1784b-49ea-4001-bda0-f7f3d457e7e7}</UniqueIdentifier>
    </Filter>
    <Filter Include="Examples">
      <UniqueIdentifier>{03bdb0a5-bff1-41e1-87b2-940d0a24976c}</UniqueIdentifier>
    </Filter>
    <Filter Include="Actor">
      <UniqueIdentifier>{c7ad9459-7026-4ad3-bab6-dffbeb1ddc30}</UniqueIdentifier>
    </Filter>
  </ItemGroup>
  <ItemGroup>
    <ClInclude Include="Main\Main.h">
      <Filter>Main</Filter>
    </ClInclude>
    <ClInclude Include="Common\CommonDefs.h">
      <Filter>Common</Filter>
    </ClInclude>
    <ClInclude Include="Common\Singleton.h">
      <Filter>Common</Filter>
    </ClInclude>
    <ClInclude Include="Examples\Examples.h">
      <Filter>Examples</Filter>
    </ClInclude>
    <ClInclude Include="Examples\Lambda.h">
      <Filter>Examples</Filter>
    </ClInclude>
    <ClInclude Include="Actor\Actor.h">
      <Filter>Actor</Filter>
    </ClInclude>
    <ClInclude Include="Actor\ActorFilter.h">
      <Filter>Actor</Filter>
    </ClInclude>
    <ClInclude Include="Actor\ActorSpecification.h">
      <Filter>Actor</Filter>
    </ClInclude>
    <ClInclude Include="Actor\Builder.h">
      <Filter>Actor</Filter>
    </ClInclude>
  </ItemGroup>
  <ItemGroup>
    <ClCompile Include="Main\Main.cpp">
      <Filter>Main</Filter>
    </ClCompile>
    <ClCompile Include="Common\CommonDefs.cpp">
      <Filter>Common</Filter>
    </ClCompile>
    <ClCompile Include="Examples\Lambda.cpp">
      <Filter>Examples</Filter>
    </ClCompile>
    <ClCompile Include="Actor\Actor.cpp">
      <Filter>Actor</Filter>
    </ClCompile>
    <ClCompile Include="Actor\ActorFilter.cpp">
      <Filter>Actor</Filter>
    </ClCompile>
    <ClCompile Include="Actor\ActorSpecification.cpp">
      <Filter>Actor</Filter>
    </ClCompile>
    <ClCompile Include="Actor\Builder.cpp">
      <Filter>Actor</Filter>
    </ClCompile>
  </ItemGroup>
  <ItemGroup>
    <None Include="cpp.hint" />
  </ItemGroup>
</Project>